{
  "requires": true,
  "lockfileVersion": 1,
  "dependencies": {
    "vue": {
      "version": "2.6.11",
      "resolved": "https://registry.npmjs.org/vue/-/vue-2.6.11.tgz",
      "integrity": "sha512-VfPwgcGABbGAue9+sfrD4PuwFar7gPb1yl1UK1MwXoQPAw0BKSqWfoYCT/ThFrdEVWoI51dBuyCoiNU9bZDZxQ=="
    },
    "vue-date-pick": {
      "version": "1.4.1",
      "resolved": "https://registry.npmjs.org/vue-date-pick/-/vue-date-pick-1.4.1.tgz",
      "integrity": "sha512-x4PnXwfMWAWZQF4yctAhENSnQyZUt3+vV7mVravXgvijtwzQx7zoOicgzMPg/LNdzBQWxnOjAa7GvSAY98Hp8A==",
      "requires": {
        "vue": "2.6.11"
      }
    }
  }
}
